
Microsoft Visual Studio Solution File, Format Version 12.00
# Visual Studio 2012
Project("{FAE04EC0-301F-11D3-BF4B-00C04F79EFBC}") = "miPE", "miPE.csproj", "{28F53358-6CAE-4062-AA5F-E7720B4F2877}"
EndProject
Project("{FAE04EC0-301F-11D3-BF4B-00C04F79EFBC}") = "miPE.tests", "tests\miPE.tests.csproj", "{28F53358-6CAE-4062-AA5F-E7720B4F2878}"
EndProject
Project("{FAE04EC0-301F-11D3-BF4B-00C04F79EFBC}") = "Mi.PE", "Zoom.PE\Mi.PE\Mi.PE.csproj", "{222FC27A-6D9C-4200-BEFA-15F5C94A3F4E}"
EndProject
Project("{FAE04EC0-301F-11D3-BF4B-00C04F79EFBC}") = "RoslynOverZoomPE", "RoslynOverZoomPE\RoslynOverZoomPE.csproj", "{5C922E90-B3CE-4B01-888E-3827B5A24EF4}"
EndProject
Global
	GlobalSection(SolutionConfigurationPlatforms) = preSolution
		Debug|Any CPU = Debug|Any CPU
		Release|Any CPU = Release|Any CPU
	EndGlobalSection
	GlobalSection(ProjectConfigurationPlatforms) = postSolution
		{28F53358-6CAE-4062-AA5F-E7720B4F2877}.Debug|Any CPU.ActiveCfg = Debug|Any CPU
		{28F53358-6CAE-4062-AA5F-E7720B4F2877}.Debug|Any CPU.Build.0 = Debug|Any CPU
		{28F53358-6CAE-4062-AA5F-E7720B4F2877}.Release|Any CPU.ActiveCfg = Release|Any CPU
		{28F53358-6CAE-4062-AA5F-E7720B4F2877}.Release|Any CPU.Build.0 = Release|Any CPU
		{28F53358-6CAE-4062-AA5F-E7720B4F2878}.Debug|Any CPU.ActiveCfg = Debug|Any CPU
		{28F53358-6CAE-4062-AA5F-E7720B4F2878}.Debug|Any CPU.Build.0 = Debug|Any CPU
		{28F53358-6CAE-4062-AA5F-E7720B4F2878}.Release|Any CPU.ActiveCfg = Release|Any CPU
		{28F53358-6CAE-4062-AA5F-E7720B4F2878}.Release|Any CPU.Build.0 = Release|Any CPU
		{222FC27A-6D9C-4200-BEFA-15F5C94A3F4E}.Debug|Any CPU.ActiveCfg = Debug|Any CPU
		{222FC27A-6D9C-4200-BEFA-15F5C94A3F4E}.Debug|Any CPU.Build.0 = Debug|Any CPU
		{222FC27A-6D9C-4200-BEFA-15F5C94A3F4E}.Release|Any CPU.ActiveCfg = Release|Any CPU
		{222FC27A-6D9C-4200-BEFA-15F5C94A3F4E}.Release|Any CPU.Build.0 = Release|Any CPU
		{5C922E90-B3CE-4B01-888E-3827B5A24EF4}.Debug|Any CPU.ActiveCfg = Debug|Any CPU
		{5C922E90-B3CE-4B01-888E-3827B5A24EF4}.Debug|Any CPU.Build.0 = Debug|Any CPU
		{5C922E90-B3CE-4B01-888E-3827B5A24EF4}.Release|Any CPU.ActiveCfg = Release|Any CPU
		{5C922E90-B3CE-4B01-888E-3827B5A24EF4}.Release|Any CPU.Build.0 = Release|Any CPU
	EndGlobalSection
	GlobalSection(SolutionProperties) = preSolution
		HideSolutionNode = FALSE
	EndGlobalSection
EndGlobal
