
Microsoft Visual Studio Solution File, Format Version 10.00
# Visual Studio 2008
Project("{FAE04EC0-301F-11D3-BF4B-00C04F79EFBC}") = "IEPlugLibrary", "IEPlugLibrary.csproj", "{7884D591-4424-434A-B02A-909761D36FED}"
EndProject
Project("{FAE04EC0-301F-11D3-BF4B-00C04F79EFBC}") = "Color", "..\Color\Color.csproj", "{6934893E-6FD0-4D1E-8D7B-6E65C12E6AEF}"
EndProject
Project("{FAE04EC0-301F-11D3-BF4B-00C04F79EFBC}") = "ProtocolDemo", "..\ProtocolDemo\ProtocolDemo.csproj", "{8649257F-1D9C-4EC5-90A7-5772149A8C55}"
EndProject
Project("{FAE04EC0-301F-11D3-BF4B-00C04F79EFBC}") = "MyWeb", "..\MyWeb\MyWeb.csproj", "{0FBB9067-9B76-4B15-B609-A6F7EB7566D1}"
EndProject
Project("{FAE04EC0-301F-11D3-BF4B-00C04F79EFBC}") = "NetRes", "..\NetRes\NetRes.csproj", "{1B832641-32FC-42CE-A39D-3D7DC1C11C4D}"
EndProject
Global
	GlobalSection(TeamFoundationVersionControl) = preSolution
		SccNumberOfProjects = 6
		SccEnterpriseProvider = {4CA58AB2-18FA-4F8D-95D4-32DDF27D184C}
		SccTeamFoundationServer = https://tfs06.codeplex.com/
		SccLocalPath0 = .
		SccProjectUniqueName1 = ..\\Color\\Color.csproj
		SccProjectName1 = Color
		SccLocalPath1 = ..\\Color
		SccProjectUniqueName2 = IEPlugLibrary.csproj
		SccLocalPath2 = .
		SccProjectUniqueName3 = ..\\MyWeb\\MyWeb.csproj
		SccProjectName3 = MyWeb
		SccLocalPath3 = ..\\MyWeb
		SccProjectUniqueName4 = ..\\NetRes\\NetRes.csproj
		SccProjectName4 = NetRes
		SccLocalPath4 = ..\\NetRes
		SccProjectUniqueName5 = ..\\ProtocolDemo\\ProtocolDemo.csproj
		SccProjectName5 = ProtocolDemo
		SccLocalPath5 = ..\\ProtocolDemo
	EndGlobalSection
	GlobalSection(SolutionConfigurationPlatforms) = preSolution
		Debug|Any CPU = Debug|Any CPU
		Release|Any CPU = Release|Any CPU
	EndGlobalSection
	GlobalSection(ProjectConfigurationPlatforms) = postSolution
		{7884D591-4424-434A-B02A-909761D36FED}.Debug|Any CPU.ActiveCfg = Debug|Any CPU
		{7884D591-4424-434A-B02A-909761D36FED}.Debug|Any CPU.Build.0 = Debug|Any CPU
		{7884D591-4424-434A-B02A-909761D36FED}.Release|Any CPU.ActiveCfg = Release|Any CPU
		{7884D591-4424-434A-B02A-909761D36FED}.Release|Any CPU.Build.0 = Release|Any CPU
		{6934893E-6FD0-4D1E-8D7B-6E65C12E6AEF}.Debug|Any CPU.ActiveCfg = Debug|Any CPU
		{6934893E-6FD0-4D1E-8D7B-6E65C12E6AEF}.Debug|Any CPU.Build.0 = Debug|Any CPU
		{6934893E-6FD0-4D1E-8D7B-6E65C12E6AEF}.Release|Any CPU.ActiveCfg = Release|Any CPU
		{6934893E-6FD0-4D1E-8D7B-6E65C12E6AEF}.Release|Any CPU.Build.0 = Release|Any CPU
		{8649257F-1D9C-4EC5-90A7-5772149A8C55}.Debug|Any CPU.ActiveCfg = Debug|Any CPU
		{8649257F-1D9C-4EC5-90A7-5772149A8C55}.Debug|Any CPU.Build.0 = Debug|Any CPU
		{8649257F-1D9C-4EC5-90A7-5772149A8C55}.Release|Any CPU.ActiveCfg = Release|Any CPU
		{8649257F-1D9C-4EC5-90A7-5772149A8C55}.Release|Any CPU.Build.0 = Release|Any CPU
		{0FBB9067-9B76-4B15-B609-A6F7EB7566D1}.Debug|Any CPU.ActiveCfg = Debug|Any CPU
		{0FBB9067-9B76-4B15-B609-A6F7EB7566D1}.Debug|Any CPU.Build.0 = Debug|Any CPU
		{0FBB9067-9B76-4B15-B609-A6F7EB7566D1}.Release|Any CPU.ActiveCfg = Release|Any CPU
		{0FBB9067-9B76-4B15-B609-A6F7EB7566D1}.Release|Any CPU.Build.0 = Release|Any CPU
		{1B832641-32FC-42CE-A39D-3D7DC1C11C4D}.Debug|Any CPU.ActiveCfg = Debug|Any CPU
		{1B832641-32FC-42CE-A39D-3D7DC1C11C4D}.Debug|Any CPU.Build.0 = Debug|Any CPU
		{1B832641-32FC-42CE-A39D-3D7DC1C11C4D}.Release|Any CPU.ActiveCfg = Release|Any CPU
		{1B832641-32FC-42CE-A39D-3D7DC1C11C4D}.Release|Any CPU.Build.0 = Release|Any CPU
	EndGlobalSection
	GlobalSection(SolutionProperties) = preSolution
		HideSolutionNode = FALSE
	EndGlobalSection
EndGlobal
