
Microsoft Visual Studio Solution File, Format Version 12.00
# Visual Studio 11
Project("{FAE04EC0-301F-11D3-BF4B-00C04F79EFBC}") = "Mi.PE", "Mi.PE\Mi.PE.csproj", "{222FC27A-6D9C-4200-BEFA-15F5C94A3F4E}"
EndProject
Project("{2150E333-8FDC-42A3-9474-1A3956D46DE8}") = "Solution Items", "Solution Items", "{146B518F-8934-4B5B-A9F8-F1ED8129DD64}"
	ProjectSection(SolutionItems) = preProject
		(Tests)\Local.testsettings = (Tests)\Local.testsettings
		(Tests)\TraceAndTestImpact.testsettings = (Tests)\TraceAndTestImpact.testsettings
		(Tests)\Zoom.PE.vsmdi = (Tests)\Zoom.PE.vsmdi
	EndProjectSection
EndProject
Project("{2150E333-8FDC-42A3-9474-1A3956D46DE8}") = "(Tests)", "(Tests)", "{BA3B4CFD-8D95-444A-9C00-13912217AB9B}"
EndProject
Project("{FAE04EC0-301F-11D3-BF4B-00C04F79EFBC}") = "Mi.PE.Tests", "(Tests)\Mi.PE.Tests\Mi.PE.Tests.csproj", "{00FC2050-A097-488B-9588-ED72F548EB15}"
EndProject
Project("{2150E333-8FDC-42A3-9474-1A3956D46DE8}") = "(SamplePEs)", "(SamplePEs)", "{2EE060E1-DD6E-4C65-962E-61F1B67990F9}"
	ProjectSection(SolutionItems) = preProject
		(Tests)\(SamplePEs)\console.anycpu.exe = (Tests)\(SamplePEs)\console.anycpu.exe
		(Tests)\(SamplePEs)\console.bat = (Tests)\(SamplePEs)\console.bat
		(Tests)\(SamplePEs)\console.cs = (Tests)\(SamplePEs)\console.cs
		(Tests)\(SamplePEs)\console.itanium.exe = (Tests)\(SamplePEs)\console.itanium.exe
		(Tests)\(SamplePEs)\console.x64.exe = (Tests)\(SamplePEs)\console.x64.exe
		(Tests)\(SamplePEs)\console.x86.exe = (Tests)\(SamplePEs)\console.x86.exe
	EndProjectSection
EndProject
Project("{FAE04EC0-301F-11D3-BF4B-00C04F79EFBC}") = "ReadManyFiles", "(Demos)\ReadManyFiles\ReadManyFiles.csproj", "{62B979D9-B769-4997-87B2-1723D5C59C88}"
EndProject
Project("{2150E333-8FDC-42A3-9474-1A3956D46DE8}") = "(Demos)", "(Demos)", "{4C3CF02B-52F7-43F6-BC8D-EAB6C4BE2B64}"
EndProject
Project("{FAE04EC0-301F-11D3-BF4B-00C04F79EFBC}") = "ReadWriteRoundtrip", "(Demos)\ReadWriteRoundtrip\ReadWriteRoundtrip.csproj", "{1E5658F0-BF62-4719-9FC8-D4C375C0D9F1}"
EndProject
Project("{FAE04EC0-301F-11D3-BF4B-00C04F79EFBC}") = "InsaneSectionLayout", "(Demos)\InsaneSectionLayout\InsaneSectionLayout.csproj", "{F4BC8E16-8856-4825-844C-2F4530C35C3E}"
EndProject
Project("{FAE04EC0-301F-11D3-BF4B-00C04F79EFBC}") = "MetroFileDetails", "(Demos)\MetroFileDetails\MetroFileDetails.csproj", "{59CD74E2-7A48-431E-80AA-B3501DC8D1F0}"
EndProject
Project("{FAE04EC0-301F-11D3-BF4B-00C04F79EFBC}") = "PrintImports", "(Demos)\PrintImports\PrintImports.csproj", "{35216C79-713F-4EF2-9DA3-45CF5A12A978}"
EndProject
Project("{FAE04EC0-301F-11D3-BF4B-00C04F79EFBC}") = "PEHeaderViewer", "(Demos)\PEHeaderViewer\PEHeaderViewer.csproj", "{CA87FB12-76D7-46BC-BA7C-81F534704CCA}"
EndProject
Project("{FAE04EC0-301F-11D3-BF4B-00C04F79EFBC}") = "Zoom.PE.SL", "Zoom.PE.SL\Zoom.PE.SL.csproj", "{3902A0F9-4F44-4150-8FE0-D468EAFF00C8}"
EndProject
Project("{FAE04EC0-301F-11D3-BF4B-00C04F79EFBC}") = "PrintExports", "(Demos)\PrintExports\PrintExports.csproj", "{393ED966-FCC5-4A45-B809-7D976DF4E184}"
EndProject
Project("{FAE04EC0-301F-11D3-BF4B-00C04F79EFBC}") = "PrintResources", "(Demos)\PrintResources\PrintResources.csproj", "{339095FD-A094-4E04-9817-13070B228760}"
EndProject
Project("{FAE04EC0-301F-11D3-BF4B-00C04F79EFBC}") = "PrintBaseRelocations", "(Demos)\PrintBaseRelocations\PrintBaseRelocations.csproj", "{398F764E-6769-4E0E-9BE1-D27F6EF1E44B}"
EndProject
Project("{FAE04EC0-301F-11D3-BF4B-00C04F79EFBC}") = "PrintClrBasics", "(Demos)\PrintClrBasics\PrintClrBasics.csproj", "{76814622-64FB-4D86-84DA-85C5D7A43A02}"
EndProject
Global
	GlobalSection(TestCaseManagementSettings) = postSolution
		CategoryFile = (Tests)\Zoom.PE.vsmdi
	EndGlobalSection
	GlobalSection(SolutionConfigurationPlatforms) = preSolution
		Debug|Any CPU = Debug|Any CPU
		Debug|x86 = Debug|x86
		Release|Any CPU = Release|Any CPU
		Release|x86 = Release|x86
	EndGlobalSection
	GlobalSection(ProjectConfigurationPlatforms) = postSolution
		{00FC2050-A097-488B-9588-ED72F548EB15}.Debug|Any CPU.ActiveCfg = Debug|Any CPU
		{00FC2050-A097-488B-9588-ED72F548EB15}.Debug|Any CPU.Build.0 = Debug|Any CPU
		{00FC2050-A097-488B-9588-ED72F548EB15}.Debug|x86.ActiveCfg = Debug|Any CPU
		{00FC2050-A097-488B-9588-ED72F548EB15}.Debug|x86.Build.0 = Debug|Any CPU
		{00FC2050-A097-488B-9588-ED72F548EB15}.Release|Any CPU.ActiveCfg = Release|Any CPU
		{00FC2050-A097-488B-9588-ED72F548EB15}.Release|Any CPU.Build.0 = Release|Any CPU
		{00FC2050-A097-488B-9588-ED72F548EB15}.Release|x86.ActiveCfg = Release|Any CPU
		{1E5658F0-BF62-4719-9FC8-D4C375C0D9F1}.Debug|Any CPU.ActiveCfg = Debug|Any CPU
		{1E5658F0-BF62-4719-9FC8-D4C375C0D9F1}.Debug|Any CPU.Build.0 = Debug|Any CPU
		{1E5658F0-BF62-4719-9FC8-D4C375C0D9F1}.Debug|x86.ActiveCfg = Debug|Any CPU
		{1E5658F0-BF62-4719-9FC8-D4C375C0D9F1}.Debug|x86.Build.0 = Debug|Any CPU
		{1E5658F0-BF62-4719-9FC8-D4C375C0D9F1}.Release|Any CPU.ActiveCfg = Release|Any CPU
		{1E5658F0-BF62-4719-9FC8-D4C375C0D9F1}.Release|Any CPU.Build.0 = Release|Any CPU
		{1E5658F0-BF62-4719-9FC8-D4C375C0D9F1}.Release|x86.ActiveCfg = Release|Any CPU
		{222FC27A-6D9C-4200-BEFA-15F5C94A3F4E}.Debug|Any CPU.ActiveCfg = Debug|Any CPU
		{222FC27A-6D9C-4200-BEFA-15F5C94A3F4E}.Debug|Any CPU.Build.0 = Debug|Any CPU
		{222FC27A-6D9C-4200-BEFA-15F5C94A3F4E}.Debug|x86.ActiveCfg = Debug|Any CPU
		{222FC27A-6D9C-4200-BEFA-15F5C94A3F4E}.Debug|x86.Build.0 = Debug|Any CPU
		{222FC27A-6D9C-4200-BEFA-15F5C94A3F4E}.Release|Any CPU.ActiveCfg = Release|Any CPU
		{222FC27A-6D9C-4200-BEFA-15F5C94A3F4E}.Release|Any CPU.Build.0 = Release|Any CPU
		{222FC27A-6D9C-4200-BEFA-15F5C94A3F4E}.Release|x86.ActiveCfg = Release|Any CPU
		{339095FD-A094-4E04-9817-13070B228760}.Debug|Any CPU.ActiveCfg = Debug|Any CPU
		{339095FD-A094-4E04-9817-13070B228760}.Debug|Any CPU.Build.0 = Debug|Any CPU
		{339095FD-A094-4E04-9817-13070B228760}.Debug|x86.ActiveCfg = Debug|Any CPU
		{339095FD-A094-4E04-9817-13070B228760}.Release|Any CPU.ActiveCfg = Release|Any CPU
		{339095FD-A094-4E04-9817-13070B228760}.Release|Any CPU.Build.0 = Release|Any CPU
		{339095FD-A094-4E04-9817-13070B228760}.Release|x86.ActiveCfg = Release|Any CPU
		{35216C79-713F-4EF2-9DA3-45CF5A12A978}.Debug|Any CPU.ActiveCfg = Debug|Any CPU
		{35216C79-713F-4EF2-9DA3-45CF5A12A978}.Debug|Any CPU.Build.0 = Debug|Any CPU
		{35216C79-713F-4EF2-9DA3-45CF5A12A978}.Debug|x86.ActiveCfg = Debug|Any CPU
		{35216C79-713F-4EF2-9DA3-45CF5A12A978}.Release|Any CPU.ActiveCfg = Release|Any CPU
		{35216C79-713F-4EF2-9DA3-45CF5A12A978}.Release|Any CPU.Build.0 = Release|Any CPU
		{35216C79-713F-4EF2-9DA3-45CF5A12A978}.Release|x86.ActiveCfg = Release|Any CPU
		{3902A0F9-4F44-4150-8FE0-D468EAFF00C8}.Debug|Any CPU.ActiveCfg = Debug|Any CPU
		{3902A0F9-4F44-4150-8FE0-D468EAFF00C8}.Debug|Any CPU.Build.0 = Debug|Any CPU
		{3902A0F9-4F44-4150-8FE0-D468EAFF00C8}.Debug|x86.ActiveCfg = Debug|Any CPU
		{3902A0F9-4F44-4150-8FE0-D468EAFF00C8}.Release|Any CPU.ActiveCfg = Release|Any CPU
		{3902A0F9-4F44-4150-8FE0-D468EAFF00C8}.Release|Any CPU.Build.0 = Release|Any CPU
		{3902A0F9-4F44-4150-8FE0-D468EAFF00C8}.Release|x86.ActiveCfg = Release|Any CPU
		{393ED966-FCC5-4A45-B809-7D976DF4E184}.Debug|Any CPU.ActiveCfg = Debug|Any CPU
		{393ED966-FCC5-4A45-B809-7D976DF4E184}.Debug|Any CPU.Build.0 = Debug|Any CPU
		{393ED966-FCC5-4A45-B809-7D976DF4E184}.Debug|x86.ActiveCfg = Debug|Any CPU
		{393ED966-FCC5-4A45-B809-7D976DF4E184}.Release|Any CPU.ActiveCfg = Release|Any CPU
		{393ED966-FCC5-4A45-B809-7D976DF4E184}.Release|Any CPU.Build.0 = Release|Any CPU
		{393ED966-FCC5-4A45-B809-7D976DF4E184}.Release|x86.ActiveCfg = Release|Any CPU
		{398F764E-6769-4E0E-9BE1-D27F6EF1E44B}.Debug|Any CPU.ActiveCfg = Debug|Any CPU
		{398F764E-6769-4E0E-9BE1-D27F6EF1E44B}.Debug|Any CPU.Build.0 = Debug|Any CPU
		{398F764E-6769-4E0E-9BE1-D27F6EF1E44B}.Debug|x86.ActiveCfg = Debug|Any CPU
		{398F764E-6769-4E0E-9BE1-D27F6EF1E44B}.Release|Any CPU.ActiveCfg = Release|Any CPU
		{398F764E-6769-4E0E-9BE1-D27F6EF1E44B}.Release|Any CPU.Build.0 = Release|Any CPU
		{398F764E-6769-4E0E-9BE1-D27F6EF1E44B}.Release|x86.ActiveCfg = Release|Any CPU
		{59CD74E2-7A48-431E-80AA-B3501DC8D1F0}.Debug|Any CPU.ActiveCfg = Debug|Any CPU
		{59CD74E2-7A48-431E-80AA-B3501DC8D1F0}.Debug|Any CPU.Build.0 = Debug|Any CPU
		{59CD74E2-7A48-431E-80AA-B3501DC8D1F0}.Debug|Any CPU.Deploy.0 = Debug|Any CPU
		{59CD74E2-7A48-431E-80AA-B3501DC8D1F0}.Debug|x86.ActiveCfg = Debug|Any CPU
		{59CD74E2-7A48-431E-80AA-B3501DC8D1F0}.Release|Any CPU.ActiveCfg = Release|Any CPU
		{59CD74E2-7A48-431E-80AA-B3501DC8D1F0}.Release|Any CPU.Build.0 = Release|Any CPU
		{59CD74E2-7A48-431E-80AA-B3501DC8D1F0}.Release|Any CPU.Deploy.0 = Release|Any CPU
		{59CD74E2-7A48-431E-80AA-B3501DC8D1F0}.Release|x86.ActiveCfg = Release|Any CPU
		{62B979D9-B769-4997-87B2-1723D5C59C88}.Debug|Any CPU.ActiveCfg = Debug|Any CPU
		{62B979D9-B769-4997-87B2-1723D5C59C88}.Debug|Any CPU.Build.0 = Debug|Any CPU
		{62B979D9-B769-4997-87B2-1723D5C59C88}.Debug|x86.ActiveCfg = Debug|Any CPU
		{62B979D9-B769-4997-87B2-1723D5C59C88}.Debug|x86.Build.0 = Debug|Any CPU
		{62B979D9-B769-4997-87B2-1723D5C59C88}.Release|Any CPU.ActiveCfg = Release|Any CPU
		{62B979D9-B769-4997-87B2-1723D5C59C88}.Release|Any CPU.Build.0 = Release|Any CPU
		{62B979D9-B769-4997-87B2-1723D5C59C88}.Release|x86.ActiveCfg = Release|Any CPU
		{76814622-64FB-4D86-84DA-85C5D7A43A02}.Debug|Any CPU.ActiveCfg = Debug|Any CPU
		{76814622-64FB-4D86-84DA-85C5D7A43A02}.Debug|Any CPU.Build.0 = Debug|Any CPU
		{76814622-64FB-4D86-84DA-85C5D7A43A02}.Debug|x86.ActiveCfg = Debug|Any CPU
		{76814622-64FB-4D86-84DA-85C5D7A43A02}.Release|Any CPU.ActiveCfg = Release|Any CPU
		{76814622-64FB-4D86-84DA-85C5D7A43A02}.Release|Any CPU.Build.0 = Release|Any CPU
		{76814622-64FB-4D86-84DA-85C5D7A43A02}.Release|x86.ActiveCfg = Release|Any CPU
		{CA87FB12-76D7-46BC-BA7C-81F534704CCA}.Debug|Any CPU.ActiveCfg = Debug|Any CPU
		{CA87FB12-76D7-46BC-BA7C-81F534704CCA}.Debug|Any CPU.Build.0 = Debug|Any CPU
		{CA87FB12-76D7-46BC-BA7C-81F534704CCA}.Debug|x86.ActiveCfg = Debug|Any CPU
		{CA87FB12-76D7-46BC-BA7C-81F534704CCA}.Release|Any CPU.ActiveCfg = Release|Any CPU
		{CA87FB12-76D7-46BC-BA7C-81F534704CCA}.Release|Any CPU.Build.0 = Release|Any CPU
		{CA87FB12-76D7-46BC-BA7C-81F534704CCA}.Release|x86.ActiveCfg = Release|Any CPU
		{F4BC8E16-8856-4825-844C-2F4530C35C3E}.Debug|Any CPU.ActiveCfg = Debug|Any CPU
		{F4BC8E16-8856-4825-844C-2F4530C35C3E}.Debug|Any CPU.Build.0 = Debug|Any CPU
		{F4BC8E16-8856-4825-844C-2F4530C35C3E}.Debug|x86.ActiveCfg = Debug|Any CPU
		{F4BC8E16-8856-4825-844C-2F4530C35C3E}.Debug|x86.Build.0 = Debug|Any CPU
		{F4BC8E16-8856-4825-844C-2F4530C35C3E}.Release|Any CPU.ActiveCfg = Release|Any CPU
		{F4BC8E16-8856-4825-844C-2F4530C35C3E}.Release|Any CPU.Build.0 = Release|Any CPU
		{F4BC8E16-8856-4825-844C-2F4530C35C3E}.Release|x86.ActiveCfg = Release|Any CPU
	EndGlobalSection
	GlobalSection(SolutionProperties) = preSolution
		HideSolutionNode = FALSE
	EndGlobalSection
	GlobalSection(NestedProjects) = preSolution
		{00FC2050-A097-488B-9588-ED72F548EB15} = {BA3B4CFD-8D95-444A-9C00-13912217AB9B}
		{1E5658F0-BF62-4719-9FC8-D4C375C0D9F1} = {4C3CF02B-52F7-43F6-BC8D-EAB6C4BE2B64}
		{2EE060E1-DD6E-4C65-962E-61F1B67990F9} = {BA3B4CFD-8D95-444A-9C00-13912217AB9B}
		{339095FD-A094-4E04-9817-13070B228760} = {4C3CF02B-52F7-43F6-BC8D-EAB6C4BE2B64}
		{35216C79-713F-4EF2-9DA3-45CF5A12A978} = {4C3CF02B-52F7-43F6-BC8D-EAB6C4BE2B64}
		{3902A0F9-4F44-4150-8FE0-D468EAFF00C8} = {4C3CF02B-52F7-43F6-BC8D-EAB6C4BE2B64}
		{393ED966-FCC5-4A45-B809-7D976DF4E184} = {4C3CF02B-52F7-43F6-BC8D-EAB6C4BE2B64}
		{398F764E-6769-4E0E-9BE1-D27F6EF1E44B} = {4C3CF02B-52F7-43F6-BC8D-EAB6C4BE2B64}
		{59CD74E2-7A48-431E-80AA-B3501DC8D1F0} = {4C3CF02B-52F7-43F6-BC8D-EAB6C4BE2B64}
		{62B979D9-B769-4997-87B2-1723D5C59C88} = {4C3CF02B-52F7-43F6-BC8D-EAB6C4BE2B64}
		{76814622-64FB-4D86-84DA-85C5D7A43A02} = {4C3CF02B-52F7-43F6-BC8D-EAB6C4BE2B64}
		{CA87FB12-76D7-46BC-BA7C-81F534704CCA} = {4C3CF02B-52F7-43F6-BC8D-EAB6C4BE2B64}
		{F4BC8E16-8856-4825-844C-2F4530C35C3E} = {4C3CF02B-52F7-43F6-BC8D-EAB6C4BE2B64}
	EndGlobalSection
EndGlobal
